// !$*UTF8*$!
{
	archiveVersion = 1;
	classes = {
	};
	objectVersion = 46;
	objects = {

/* Begin PBXBuildFile section */
		F76A5EAD1E5DF37C008A6FB9 /* BullsEye.html in Resources */ = {isa = PBXBuildFile; fileRef = F76A5EAC1E5DF37C008A6FB9 /* BullsEye.html */; };
		F76A5EB31E5FBC5A008A6FB9 /* Default-568h@2x.png in Resources */ = {isa = PBXBuildFile; fileRef = F76A5EB21E5FBC5A008A6FB9 /* Default-568h@2x.png */; };
		F7C284BE1E51955E00C81036 /* AppDelegate.swift in Sources */ = {isa = PBXBuildFile; fileRef = F7C284BD1E51955E00C81036 /* AppDelegate.swift */; };
		F7C284C01E51955E00C81036 /* ViewController.swift in Sources */ = {isa = PBXBuildFile; fileRef = F7C284BF1E51955E00C81036 /* ViewController.swift */; };
		F7C284C31E51955E00C81036 /* Main.storyboard in Resources */ = {isa = PBXBuildFile; fileRef = F7C284C11E51955E00C81036 /* Main.storyboard */; };
		F7C284C51E51955E00C81036 /* Assets.xcassets in Resources */ = {isa = PBXBuildFile; fileRef = F7C284C41E51955E00C81036 /* Assets.xcassets */; };
		F7EC482B1E5B3C93004B6807 /* AboutViewController.swift in Sources */ = {isa = PBXBuildFile; fileRef = F7EC482A1E5B3C93004B6807 /* AboutViewController.swift */; };
/* End PBXBuildFile section */

/* Begin PBXFileReference section */
		F76A5EAC1E5DF37C008A6FB9 /* BullsEye.html */ = {isa = PBXFileReference; fileEncoding = 4; lastKnownFileType = text.html; path = BullsEye.html; sourceTree = "<group>"; };
		F76A5EB21E5FBC5A008A6FB9 /* Default-568h@2x.png */ = {isa = PBXFileReference; lastKnownFileType = image.png; path = "Default-568h@2x.png"; sourceTree = "<group>"; };
		F7C284BA1E51955E00C81036 /* BullsEye.app */ = {isa = PBXFileReference; explicitFileType = wrapper.application; includeInIndex = 0; path = BullsEye.app; sourceTree = BUILT_PRODUCTS_DIR; };
		F7C284BD1E51955E00C81036 /* AppDelegate.swift */ = {isa = PBXFileReference; lastKnownFileType = sourcecode.swift; path = AppDelegate.swift; sourceTree = "<group>"; };
		F7C284BF1E51955E00C81036 /* ViewController.swift */ = {isa = PBXFileReference; lastKnownFileType = sourcecode.swift; path = ViewController.swift; sourceTree = "<group>"; };
		F7C284C21E51955E00C81036 /* Base */ = {isa = PBXFileReference; lastKnownFileType = file.storyboard; name = Base; path = Base.lproj/Main.storyboard; sourceTree = "<group>"; };
		F7C284C41E51955E00C81036 /* Assets.xcassets */ = {isa = PBXFileReference; lastKnownFileType = folder.assetcatalog; path = Assets.xcassets; sourceTree = "<group>"; };
		F7C284C91E51955E00C81036 /* Info.plist */ = {isa = PBXFileReference; lastKnownFileType = text.plist.xml; path = Info.plist; sourceTree = "<group>"; };
		F7EC482A1E5B3C93004B6807 /* AboutViewController.swift */ = {isa = PBXFileReference; fileEncoding = 4; lastKnownFileType = sourcecode.swift; path = AboutViewController.swift; sourceTree = "<group>"; };
/* End PBXFileReference section */

/* Begin PBXFrameworksBuildPhase section */
		F7C284B71E51955E00C81036 /* Frameworks */ = {
			isa = PBXFrameworksBuildPhase;
			buildActionMask = 2147483647;
			files = (
			);
			runOnlyForDeploymentPostprocessing = 0;
		};
/* End PBXFrameworksBuildPhase section */

/* Begin PBXGroup section */
		F7C284B11E51955E00C81036 = {
			isa = PBXGroup;
			children = (
				F7C284BC1E51955E00C81036 /* BullsEye */,
				F7C284BB1E51955E00C81036 /* Products */,
			);
			sourceTree = "<group>";
		};
		F7C284BB1E51955E00C81036 /* Products */ = {
			isa = PBXGroup;
			children = (
				F7C284BA1E51955E00C81036 /* BullsEye.app */,
			);
			name = Products;
			sourceTree = "<group>";
		};
		F7C284BC1E51955E00C81036 /* BullsEye */ = {
			isa = PBXGroup;
			children = (
				F76A5EB21E5FBC5A008A6FB9 /* Default-568h@2x.png */,
				F76A5EAC1E5DF37C008A6FB9 /* BullsEye.html */,
				F7C284BD1E51955E00C81036 /* AppDelegate.swift */,
				F7C284BF1E51955E00C81036 /* ViewController.swift */,
				F7C284C11E51955E00C81036 /* Main.storyboard */,
				F7C284C41E51955E00C81036 /* Assets.xcassets */,
				F7C284C91E51955E00C81036 /* Info.plist */,
				F7EC482A1E5B3C93004B6807 /* AboutViewController.swift */,
			);
			path = BullsEye;
			sourceTree = "<group>";
		};
/* End PBXGroup section */

/* Begin PBXNativeTarget section */
		F7C284B91E51955E00C81036 /* BullsEye */ = {
			isa = PBXNativeTarget;
			buildConfigurationList = F7C284CC1E51955E00C81036 /* Build configuration list for PBXNativeTarget "BullsEye" */;
			buildPhases = (
				F7C284B61E51955E00C81036 /* Sources */,
				F7C284B71E51955E00C81036 /* Frameworks */,
				F7C284B81E51955E00C81036 /* Resources */,
			);
			buildRules = (
			);
			dependencies = (
			);
			name = BullsEye;
			productName = BullsEye;
			productReference = F7C284BA1E51955E00C81036 /* BullsEye.app */;
			productType = "com.apple.product-type.application";
		};
/* End PBXNativeTarget section */

/* Begin PBXProject section */
		F7C284B21E51955E00C81036 /* Project object */ = {
			isa = PBXProject;
			attributes = {
				LastSwiftUpdateCheck = 0820;
				LastUpgradeCheck = 0820;
				ORGANIZATIONNAME = Qiang;
				TargetAttributes = {
					F7C284B91E51955E00C81036 = {
						CreatedOnToolsVersion = 8.2.1;
						DevelopmentTeam = DE6TQ8CQ98;
						ProvisioningStyle = Automatic;
					};
				};
			};
			buildConfigurationList = F7C284B51E51955E00C81036 /* Build configuration list for PBXProject "BullsEye" */;
			compatibilityVersion = "Xcode 3.2";
			developmentRegion = English;
			hasScannedForEncodings = 0;
			knownRegions = (
				en,
				Base,
			);
			mainGroup = F7C284B11E51955E00C81036;
			productRefGroup = F7C284BB1E51955E00C81036 /* Products */;
			projectDirPath = "";
			projectRoot = "";
			targets = (
				F7C284B91E51955E00C81036 /* BullsEye */,
			);
		};
/* End PBXProject section */

/* Begin PBXResourcesBuildPhase section */
		F7C284B81E51955E00C81036 /* Resources */ = {
			isa = PBXResourcesBuildPhase;
			buildActionMask = 2147483647;
			files = (
				F76A5EAD1E5DF37C008A6FB9 /* BullsEye.html in Resources */,
				F76A5EB31E5FBC5A008A6FB9 /* Default-568h@2x.png in Resources */,
				F7C284C51E51955E00C81036 /* Assets.xcassets in Resources */,
				F7C284C31E51955E00C81036 /* Main.storyboard in Resources */,
			);
			runOnlyForDeploymentPostprocessing = 0;
		};
/* End PBXResourcesBuildPhase section */

/* Begin PBXSourcesBuildPhase section */
		F7C284B61E51955E00C81036 /* Sources */ = {
			isa = PBXSourcesBuildPhase;
			buildActionMask = 2147483647;
			files = (
				F7EC482B1E5B3C93004B6807 /* AboutViewController.swift in Sources */,
				F7C284C01E51955E00C81036 /* ViewController.swift in Sources */,
				F7C284BE1E51955E00C81036 /* AppDelegate.swift in Sources */,
			);
			runOnlyForDeploymentPostprocessing = 0;
		};
/* End PBXSourcesBuildPhase section */

/* Begin PBXVariantGroup section */
		F7C284C11E51955E00C81036 /* Main.storyboard */ = {
			isa = PBXVariantGroup;
			children = (
				F7C284C21E51955E00C81036 /* Base */,
			);
			name = Main.storyboard;
			sourceTree = "<group>";
		};
/* End PBXVariantGroup section */

/* Begin XCBuildConfiguration section */
		F7C284CA1E51955E00C81036 /* Debug */ = {
			isa = XCBuildConfiguration;
			buildSettings = {
				ALWAYS_SEARCH_USER_PATHS = NO;
				CLANG_ANALYZER_NONNULL = YES;
				CLANG_CXX_LANGUAGE_STANDARD = "gnu++0x";
				CLANG_CXX_LIBRARY = "libc++";
				CLANG_ENABLE_MODULES = YES;
				CLANG_ENABLE_OBJC_ARC = YES;
				CLANG_WARN_BOOL_CONVERSION = YES;
				CLANG_WARN_CONSTANT_CONVERSION = YES;
				CLANG_WARN_DIRECT_OBJC_ISA_USAGE = YES_ERROR;
				CLANG_WARN_DOCUMENTATION_COMMENTS = YES;
				CLANG_WARN_EMPTY_BODY = YES;
				CLANG_WARN_ENUM_CONVERSION = YES;
				CLANG_WARN_INFINITE_RECURSION = YES;
				CLANG_WARN_INT_CONVERSION = YES;
				CLANG_WARN_OBJC_ROOT_CLASS = YES_ERROR;
				CLANG_WARN_SUSPICIOUS_MOVE = YES;
				CLANG_WARN_UNREACHABLE_CODE = YES;
				CLANG_WARN__DUPLICATE_METHOD_MATCH = YES;
				"CODE_SIGN_IDENTITY[sdk=iphoneos*]" = "iPhone Developer";
				COPY_PHASE_STRIP = NO;
				DEBUG_INFORMATION_FORMAT = dwarf;
				ENABLE_STRICT_OBJC_MSGSEND = YES;
				ENABLE_TESTABILITY = YES;
				GCC_C_LANGUAGE_STANDARD = gnu99;
				GCC_DYNAMIC_NO_PIC = NO;
				GCC_NO_COMMON_BLOCKS = YES;
				GCC_OPTIMIZATION_LEVEL = 0;
				GCC_PREPROCESSOR_DEFINITIONS = (
					"DEBUG=1",
					"$(inherited)",
				);
				GCC_WARN_64_TO_32_BIT_CONVERSION = YES;
				GCC_WARN_ABOUT_RETURN_TYPE = YES_ERROR;
				GCC_WARN_UNDECLARED_SELECTOR = YES;
				GCC_WARN_UNINITIALIZED_AUTOS = YES_AGGRESSIVE;
				GCC_WARN_UNUSED_FUNCTION = YES;
				GCC_WARN_UNUSED_VARIABLE = YES;
				IPHONEOS_DEPLOYMENT_TARGET = 10.2;
				MTL_ENABLE_DEBUG_INFO = YES;
				ONLY_ACTIVE_ARCH = YES;
				SDKROOT = iphoneos;
				SWIFT_ACTIVE_COMPILATION_CONDITIONS = DEBUG;
				SWIFT_OPTIMIZATION_LEVEL = "-Onone";
			};
			name = Debug;
		};
		F7C284CB1E51955E00C81036 /* Release */ = {
			isa = XCBuildConfiguration;
			buildSettings = {
				ALWAYS_SEARCH_USER_PATHS = NO;
				CLANG_ANALYZER_NONNULL = YES;
				CLANG_CXX_LANGUAGE_STANDARD = "gnu++0x";
				CLANG_CXX_LIBRARY = "libc++";
				CLANG_ENABLE_MODULES = YES;
				CLANG_ENABLE_OBJC_ARC = YES;
				CLANG_WARN_BOOL_CONVERSION = YES;
				CLANG_WARN_CONSTANT_CONVERSION = YES;
				CLANG_WARN_DIRECT_OBJC_ISA_USAGE = YES_ERROR;
				CLANG_WARN_DOCUMENTATION_COMMENTS = YES;
				CLANG_WARN_EMPTY_BODY = YES;
				CLANG_WARN_ENUM_CONVERSION = YES;
				CLANG_WARN_INFINITE_RECURSION = YES;
				CLANG_WARN_INT_CONVERSION = YES;
				CLANG_WARN_OBJC_ROOT_CLASS = YES_ERROR;
				CLANG_WARN_SUSPICIOUS_MOVE = YES;
				CLANG_WARN_UNREACHABLE_CODE = YES;
				CLANG_WARN__DUPLICATE_METHOD_MATCH = YES;
				"CODE_SIGN_IDENTITY[sdk=iphoneos*]" = "iPhone Developer";
				COPY_PHASE_STRIP = NO;
				DEBUG_INFORMATION_FORMAT = "dwarf-with-dsym";
				ENABLE_NS_ASSERTIONS = NO;
				ENABLE_STRICT_OBJC_MSGSEND = YES;
				GCC_C_LANGUAGE_STANDARD = gnu99;
				GCC_NO_COMMON_BLOCKS = YES;
				GCC_WARN_64_TO_32_BIT_CONVERSION = YES;
				GCC_WARN_ABOUT_RETURN_TYPE = YES_ERROR;
				GCC_WARN_UNDECLARED_SELECTOR = YES;
				GCC_WARN_UNINITIALIZED_AUTOS = YES_AGGRESSIVE;
				GCC_WARN_UNUSED_FUNCTION = YES;
				GCC_WARN_UNUSED_VARIABLE = YES;
				IPHONEOS_DEPLOYMENT_TARGET = 10.2;
				MTL_ENABLE_DEBUG_INFO = NO;
				SDKROOT = iphoneos;
				SWIFT_OPTIMIZATION_LEVEL = "-Owholemodule";
				VALIDATE_PRODUCT = YES;
			};
			name = Release;
		};
		F7C284CD1E51955E00C81036 /* Debug */ = {
			isa = XCBuildConfiguration;
			buildSettings = {
				ASSETCATALOG_COMPILER_APPICON_NAME = AppIcon;
				DEVELOPMENT_TEAM = DE6TQ8CQ98;
				INFOPLIST_FILE = BullsEye/Info.plist;
				LD_RUNPATH_SEARCH_PATHS = "$(inherited) @executable_path/Frameworks";
				PRODUCT_BUNDLE_IDENTIFIER = iuffy.BullsEye;
				PRODUCT_NAME = "$(TARGET_NAME)";
				SWIFT_VERSION = 3.0;
			};
			name = Debug;
		};
		F7C284CE1E51955E00C81036 /* Release */ = {
			isa = XCBuildConfiguration;
			buildSettings = {
				ASSETCATALOG_COMPILER_APPICON_NAME = AppIcon;
				DEVELOPMENT_TEAM = DE6TQ8CQ98;
				INFOPLIST_FILE = BullsEye/Info.plist;
				LD_RUNPATH_SEARCH_PATHS = "$(inherited) @executable_path/Frameworks";
				PRODUCT_BUNDLE_IDENTIFIER = iuffy.BullsEye;
				PRODUCT_NAME = "$(TARGET_NAME)";
				SWIFT_VERSION = 3.0;
			};
			name = Release;
		};
/* End XCBuildConfiguration section */

/* Begin XCConfigurationList section */
		F7C284B51E51955E00C81036 /* Build configuration list for PBXProject "BullsEye" */ = {
			isa = XCConfigurationList;
			buildConfigurations = (
				F7C284CA1E51955E00C81036 /* Debug */,
				F7C284CB1E51955E00C81036 /* Release */,
			);
			defaultConfigurationIsVisible = 0;
			defaultConfigurationName = Release;
		};
		F7C284CC1E51955E00C81036 /* Build configuration list for PBXNativeTarget "BullsEye" */ = {
			isa = XCConfigurationList;
			buildConfigurations = (
				F7C284CD1E51955E00C81036 /* Debug */,
				F7C284CE1E51955E00C81036 /* Release */,
			);
			defaultConfigurationIsVisible = 0;
			defaultConfigurationName = Release;
		};
/* End XCConfigurationList section */
	};
	rootObject = F7C284B21E51955E00C81036 /* Project object */;
}
